
Microsoft Visual Studio Solution File, Format Version 12.00
# Visual Studio Version 18
VisualStudioVersion = 18.0.11121.172 d18.0
MinimumVisualStudioVersion = 10.0.40219.1
Project("{2150E333-8FDC-42A3-9474-1A3956D46DE8}") = "src", "src", "{827E0CD3-B72D-47B6-A68D-7590B98EB39B}"
EndProject
Project("{FAE04EC0-301F-11D3-BF4B-00C04F79EFBC}") = "Denis.TradingEngine.App", "src\Denis.TradingEngine.App\Denis.TradingEngine.App.csproj", "{76D593DF-8BEF-415A-86A1-0A75E18EB845}"
EndProject
Project("{FAE04EC0-301F-11D3-BF4B-00C04F79EFBC}") = "Denis.TradingEngine.Core", "src\Denis.TradingEngine.Core\Denis.TradingEngine.Core.csproj", "{12795689-F51E-484C-8126-7B757675E62A}"
EndProject
Project("{FAE04EC0-301F-11D3-BF4B-00C04F79EFBC}") = "Denis.TradingEngine.Strategy", "src\Denis.TradingEngine.Strategy\Denis.TradingEngine.Strategy.csproj", "{4D93932B-5D41-4FCB-969A-6922C398A976}"
EndProject
Project("{FAE04EC0-301F-11D3-BF4B-00C04F79EFBC}") = "Denis.TradingEngine.Risk", "src\Denis.TradingEngine.Risk\Denis.TradingEngine.Risk.csproj", "{0352A042-5A97-4DA5-80C3-41BF35D34E3E}"
EndProject
Project("{FAE04EC0-301F-11D3-BF4B-00C04F79EFBC}") = "Denis.TradingEngine.Orders", "src\Denis.TradingEngine.Orders\Denis.TradingEngine.Orders.csproj", "{17C9E553-8101-45CB-A851-CB3D7DDAC466}"
EndProject
Project("{FAE04EC0-301F-11D3-BF4B-00C04F79EFBC}") = "Denis.TradingEngine.Data", "src\Denis.TradingEngine.Data\Denis.TradingEngine.Data.csproj", "{02CD558A-D7C6-4780-A413-970E8872DFDD}"
EndProject
Project("{FAE04EC0-301F-11D3-BF4B-00C04F79EFBC}") = "Denis.TradingEngine.Broker.IBKR", "src\Denis.TradingEngine.Broker.IBKR\Denis.TradingEngine.Broker.IBKR.csproj", "{D78F9AE3-7CA2-4C31-A21D-5FD07E8982E5}"
EndProject
Project("{FAE04EC0-301F-11D3-BF4B-00C04F79EFBC}") = "Denis.TradingEngine.Exchange.Crypto", "src\Denis.TradingEngine.Exchange.Crypto\Denis.TradingEngine.Exchange.Crypto.csproj", "{813F21E4-7286-4B78-888A-2BF66AD27FDD}"
EndProject
Project("{FAE04EC0-301F-11D3-BF4B-00C04F79EFBC}") = "Denis.TradingEngine.Simulation", "src\Denis.TradingEngine.Simulation\Denis.TradingEngine.Simulation.csproj", "{27EC4EE3-71AB-45EA-BB87-E03A8D28F02C}"
EndProject
Project("{FAE04EC0-301F-11D3-BF4B-00C04F79EFBC}") = "Denis.TradingEngine.Logging", "Denis.TradingEngine.Logging\Denis.TradingEngine.Logging.csproj", "{34D8F1A2-79ED-45A4-9DF8-AA5D5C0F5EE0}"
EndProject
Project("{FAE04EC0-301F-11D3-BF4B-00C04F79EFBC}") = "Denis.TradingEngine.MetricsServer", "src\Denis.TradingEngine.MetricsServer\Denis.TradingEngine.MetricsServer.csproj", "{93C20EA3-C271-4777-8A02-FFA4B5A37A6D}"
EndProject
Global
	GlobalSection(SolutionConfigurationPlatforms) = preSolution
		Debug|Any CPU = Debug|Any CPU
		Debug|x64 = Debug|x64
		Debug|x86 = Debug|x86
		Release|Any CPU = Release|Any CPU
		Release|x64 = Release|x64
		Release|x86 = Release|x86
	EndGlobalSection
	GlobalSection(ProjectConfigurationPlatforms) = postSolution
		{76D593DF-8BEF-415A-86A1-0A75E18EB845}.Debug|Any CPU.ActiveCfg = Debug|Any CPU
		{76D593DF-8BEF-415A-86A1-0A75E18EB845}.Debug|Any CPU.Build.0 = Debug|Any CPU
		{76D593DF-8BEF-415A-86A1-0A75E18EB845}.Debug|x64.ActiveCfg = Debug|Any CPU
		{76D593DF-8BEF-415A-86A1-0A75E18EB845}.Debug|x64.Build.0 = Debug|Any CPU
		{76D593DF-8BEF-415A-86A1-0A75E18EB845}.Debug|x86.ActiveCfg = Debug|Any CPU
		{76D593DF-8BEF-415A-86A1-0A75E18EB845}.Debug|x86.Build.0 = Debug|Any CPU
		{76D593DF-8BEF-415A-86A1-0A75E18EB845}.Release|Any CPU.ActiveCfg = Release|Any CPU
		{76D593DF-8BEF-415A-86A1-0A75E18EB845}.Release|Any CPU.Build.0 = Release|Any CPU
		{76D593DF-8BEF-415A-86A1-0A75E18EB845}.Release|x64.ActiveCfg = Release|Any CPU
		{76D593DF-8BEF-415A-86A1-0A75E18EB845}.Release|x64.Build.0 = Release|Any CPU
		{76D593DF-8BEF-415A-86A1-0A75E18EB845}.Release|x86.ActiveCfg = Release|Any CPU
		{76D593DF-8BEF-415A-86A1-0A75E18EB845}.Release|x86.Build.0 = Release|Any CPU
		{12795689-F51E-484C-8126-7B757675E62A}.Debug|Any CPU.ActiveCfg = Debug|Any CPU
		{12795689-F51E-484C-8126-7B757675E62A}.Debug|Any CPU.Build.0 = Debug|Any CPU
		{12795689-F51E-484C-8126-7B757675E62A}.Debug|x64.ActiveCfg = Debug|Any CPU
		{12795689-F51E-484C-8126-7B757675E62A}.Debug|x64.Build.0 = Debug|Any CPU
		{12795689-F51E-484C-8126-7B757675E62A}.Debug|x86.ActiveCfg = Debug|Any CPU
		{12795689-F51E-484C-8126-7B757675E62A}.Debug|x86.Build.0 = Debug|Any CPU
		{12795689-F51E-484C-8126-7B757675E62A}.Release|Any CPU.ActiveCfg = Release|Any CPU
		{12795689-F51E-484C-8126-7B757675E62A}.Release|Any CPU.Build.0 = Release|Any CPU
		{12795689-F51E-484C-8126-7B757675E62A}.Release|x64.ActiveCfg = Release|Any CPU
		{12795689-F51E-484C-8126-7B757675E62A}.Release|x64.Build.0 = Release|Any CPU
		{12795689-F51E-484C-8126-7B757675E62A}.Release|x86.ActiveCfg = Release|Any CPU
		{12795689-F51E-484C-8126-7B757675E62A}.Release|x86.Build.0 = Release|Any CPU
		{4D93932B-5D41-4FCB-969A-6922C398A976}.Debug|Any CPU.ActiveCfg = Debug|Any CPU
		{4D93932B-5D41-4FCB-969A-6922C398A976}.Debug|Any CPU.Build.0 = Debug|Any CPU
		{4D93932B-5D41-4FCB-969A-6922C398A976}.Debug|x64.ActiveCfg = Debug|Any CPU
		{4D93932B-5D41-4FCB-969A-6922C398A976}.Debug|x64.Build.0 = Debug|Any CPU
		{4D93932B-5D41-4FCB-969A-6922C398A976}.Debug|x86.ActiveCfg = Debug|Any CPU
		{4D93932B-5D41-4FCB-969A-6922C398A976}.Debug|x86.Build.0 = Debug|Any CPU
		{4D93932B-5D41-4FCB-969A-6922C398A976}.Release|Any CPU.ActiveCfg = Release|Any CPU
		{4D93932B-5D41-4FCB-969A-6922C398A976}.Release|Any CPU.Build.0 = Release|Any CPU
		{4D93932B-5D41-4FCB-969A-6922C398A976}.Release|x64.ActiveCfg = Release|Any CPU
		{4D93932B-5D41-4FCB-969A-6922C398A976}.Release|x64.Build.0 = Release|Any CPU
		{4D93932B-5D41-4FCB-969A-6922C398A976}.Release|x86.ActiveCfg = Release|Any CPU
		{4D93932B-5D41-4FCB-969A-6922C398A976}.Release|x86.Build.0 = Release|Any CPU
		{0352A042-5A97-4DA5-80C3-41BF35D34E3E}.Debug|Any CPU.ActiveCfg = Debug|Any CPU
		{0352A042-5A97-4DA5-80C3-41BF35D34E3E}.Debug|Any CPU.Build.0 = Debug|Any CPU
		{0352A042-5A97-4DA5-80C3-41BF35D34E3E}.Debug|x64.ActiveCfg = Debug|Any CPU
		{0352A042-5A97-4DA5-80C3-41BF35D34E3E}.Debug|x64.Build.0 = Debug|Any CPU
		{0352A042-5A97-4DA5-80C3-41BF35D34E3E}.Debug|x86.ActiveCfg = Debug|Any CPU
		{0352A042-5A97-4DA5-80C3-41BF35D34E3E}.Debug|x86.Build.0 = Debug|Any CPU
		{0352A042-5A97-4DA5-80C3-41BF35D34E3E}.Release|Any CPU.ActiveCfg = Release|Any CPU
		{0352A042-5A97-4DA5-80C3-41BF35D34E3E}.Release|Any CPU.Build.0 = Release|Any CPU
		{0352A042-5A97-4DA5-80C3-41BF35D34E3E}.Release|x64.ActiveCfg = Release|Any CPU
		{0352A042-5A97-4DA5-80C3-41BF35D34E3E}.Release|x64.Build.0 = Release|Any CPU
		{0352A042-5A97-4DA5-80C3-41BF35D34E3E}.Release|x86.ActiveCfg = Release|Any CPU
		{0352A042-5A97-4DA5-80C3-41BF35D34E3E}.Release|x86.Build.0 = Release|Any CPU
		{17C9E553-8101-45CB-A851-CB3D7DDAC466}.Debug|Any CPU.ActiveCfg = Debug|Any CPU
		{17C9E553-8101-45CB-A851-CB3D7DDAC466}.Debug|Any CPU.Build.0 = Debug|Any CPU
		{17C9E553-8101-45CB-A851-CB3D7DDAC466}.Debug|x64.ActiveCfg = Debug|Any CPU
		{17C9E553-8101-45CB-A851-CB3D7DDAC466}.Debug|x64.Build.0 = Debug|Any CPU
		{17C9E553-8101-45CB-A851-CB3D7DDAC466}.Debug|x86.ActiveCfg = Debug|Any CPU
		{17C9E553-8101-45CB-A851-CB3D7DDAC466}.Debug|x86.Build.0 = Debug|Any CPU
		{17C9E553-8101-45CB-A851-CB3D7DDAC466}.Release|Any CPU.ActiveCfg = Release|Any CPU
		{17C9E553-8101-45CB-A851-CB3D7DDAC466}.Release|Any CPU.Build.0 = Release|Any CPU
		{17C9E553-8101-45CB-A851-CB3D7DDAC466}.Release|x64.ActiveCfg = Release|Any CPU
		{17C9E553-8101-45CB-A851-CB3D7DDAC466}.Release|x64.Build.0 = Release|Any CPU
		{17C9E553-8101-45CB-A851-CB3D7DDAC466}.Release|x86.ActiveCfg = Release|Any CPU
		{17C9E553-8101-45CB-A851-CB3D7DDAC466}.Release|x86.Build.0 = Release|Any CPU
		{02CD558A-D7C6-4780-A413-970E8872DFDD}.Debug|Any CPU.ActiveCfg = Debug|Any CPU
		{02CD558A-D7C6-4780-A413-970E8872DFDD}.Debug|Any CPU.Build.0 = Debug|Any CPU
		{02CD558A-D7C6-4780-A413-970E8872DFDD}.Debug|x64.ActiveCfg = Debug|Any CPU
		{02CD558A-D7C6-4780-A413-970E8872DFDD}.Debug|x64.Build.0 = Debug|Any CPU
		{02CD558A-D7C6-4780-A413-970E8872DFDD}.Debug|x86.ActiveCfg = Debug|Any CPU
		{02CD558A-D7C6-4780-A413-970E8872DFDD}.Debug|x86.Build.0 = Debug|Any CPU
		{02CD558A-D7C6-4780-A413-970E8872DFDD}.Release|Any CPU.ActiveCfg = Release|Any CPU
		{02CD558A-D7C6-4780-A413-970E8872DFDD}.Release|Any CPU.Build.0 = Release|Any CPU
		{02CD558A-D7C6-4780-A413-970E8872DFDD}.Release|x64.ActiveCfg = Release|Any CPU
		{02CD558A-D7C6-4780-A413-970E8872DFDD}.Release|x64.Build.0 = Release|Any CPU
		{02CD558A-D7C6-4780-A413-970E8872DFDD}.Release|x86.ActiveCfg = Release|Any CPU
		{02CD558A-D7C6-4780-A413-970E8872DFDD}.Release|x86.Build.0 = Release|Any CPU
		{D78F9AE3-7CA2-4C31-A21D-5FD07E8982E5}.Debug|Any CPU.ActiveCfg = Debug|Any CPU
		{D78F9AE3-7CA2-4C31-A21D-5FD07E8982E5}.Debug|Any CPU.Build.0 = Debug|Any CPU
		{D78F9AE3-7CA2-4C31-A21D-5FD07E8982E5}.Debug|x64.ActiveCfg = Debug|Any CPU
		{D78F9AE3-7CA2-4C31-A21D-5FD07E8982E5}.Debug|x64.Build.0 = Debug|Any CPU
		{D78F9AE3-7CA2-4C31-A21D-5FD07E8982E5}.Debug|x86.ActiveCfg = Debug|Any CPU
		{D78F9AE3-7CA2-4C31-A21D-5FD07E8982E5}.Debug|x86.Build.0 = Debug|Any CPU
		{D78F9AE3-7CA2-4C31-A21D-5FD07E8982E5}.Release|Any CPU.ActiveCfg = Release|Any CPU
		{D78F9AE3-7CA2-4C31-A21D-5FD07E8982E5}.Release|Any CPU.Build.0 = Release|Any CPU
		{D78F9AE3-7CA2-4C31-A21D-5FD07E8982E5}.Release|x64.ActiveCfg = Release|Any CPU
		{D78F9AE3-7CA2-4C31-A21D-5FD07E8982E5}.Release|x64.Build.0 = Release|Any CPU
		{D78F9AE3-7CA2-4C31-A21D-5FD07E8982E5}.Release|x86.ActiveCfg = Release|Any CPU
		{D78F9AE3-7CA2-4C31-A21D-5FD07E8982E5}.Release|x86.Build.0 = Release|Any CPU
		{813F21E4-7286-4B78-888A-2BF66AD27FDD}.Debug|Any CPU.ActiveCfg = Debug|Any CPU
		{813F21E4-7286-4B78-888A-2BF66AD27FDD}.Debug|Any CPU.Build.0 = Debug|Any CPU
		{813F21E4-7286-4B78-888A-2BF66AD27FDD}.Debug|x64.ActiveCfg = Debug|Any CPU
		{813F21E4-7286-4B78-888A-2BF66AD27FDD}.Debug|x64.Build.0 = Debug|Any CPU
		{813F21E4-7286-4B78-888A-2BF66AD27FDD}.Debug|x86.ActiveCfg = Debug|Any CPU
		{813F21E4-7286-4B78-888A-2BF66AD27FDD}.Debug|x86.Build.0 = Debug|Any CPU
		{813F21E4-7286-4B78-888A-2BF66AD27FDD}.Release|Any CPU.ActiveCfg = Release|Any CPU
		{813F21E4-7286-4B78-888A-2BF66AD27FDD}.Release|Any CPU.Build.0 = Release|Any CPU
		{813F21E4-7286-4B78-888A-2BF66AD27FDD}.Release|x64.ActiveCfg = Release|Any CPU
		{813F21E4-7286-4B78-888A-2BF66AD27FDD}.Release|x64.Build.0 = Release|Any CPU
		{813F21E4-7286-4B78-888A-2BF66AD27FDD}.Release|x86.ActiveCfg = Release|Any CPU
		{813F21E4-7286-4B78-888A-2BF66AD27FDD}.Release|x86.Build.0 = Release|Any CPU
		{27EC4EE3-71AB-45EA-BB87-E03A8D28F02C}.Debug|Any CPU.ActiveCfg = Debug|Any CPU
		{27EC4EE3-71AB-45EA-BB87-E03A8D28F02C}.Debug|Any CPU.Build.0 = Debug|Any CPU
		{27EC4EE3-71AB-45EA-BB87-E03A8D28F02C}.Debug|x64.ActiveCfg = Debug|Any CPU
		{27EC4EE3-71AB-45EA-BB87-E03A8D28F02C}.Debug|x64.Build.0 = Debug|Any CPU
		{27EC4EE3-71AB-45EA-BB87-E03A8D28F02C}.Debug|x86.ActiveCfg = Debug|Any CPU
		{27EC4EE3-71AB-45EA-BB87-E03A8D28F02C}.Debug|x86.Build.0 = Debug|Any CPU
		{27EC4EE3-71AB-45EA-BB87-E03A8D28F02C}.Release|Any CPU.ActiveCfg = Release|Any CPU
		{27EC4EE3-71AB-45EA-BB87-E03A8D28F02C}.Release|Any CPU.Build.0 = Release|Any CPU
		{27EC4EE3-71AB-45EA-BB87-E03A8D28F02C}.Release|x64.ActiveCfg = Release|Any CPU
		{27EC4EE3-71AB-45EA-BB87-E03A8D28F02C}.Release|x64.Build.0 = Release|Any CPU
		{27EC4EE3-71AB-45EA-BB87-E03A8D28F02C}.Release|x86.ActiveCfg = Release|Any CPU
		{27EC4EE3-71AB-45EA-BB87-E03A8D28F02C}.Release|x86.Build.0 = Release|Any CPU
		{34D8F1A2-79ED-45A4-9DF8-AA5D5C0F5EE0}.Debug|Any CPU.ActiveCfg = Debug|Any CPU
		{34D8F1A2-79ED-45A4-9DF8-AA5D5C0F5EE0}.Debug|Any CPU.Build.0 = Debug|Any CPU
		{34D8F1A2-79ED-45A4-9DF8-AA5D5C0F5EE0}.Debug|x64.ActiveCfg = Debug|Any CPU
		{34D8F1A2-79ED-45A4-9DF8-AA5D5C0F5EE0}.Debug|x64.Build.0 = Debug|Any CPU
		{34D8F1A2-79ED-45A4-9DF8-AA5D5C0F5EE0}.Debug|x86.ActiveCfg = Debug|Any CPU
		{34D8F1A2-79ED-45A4-9DF8-AA5D5C0F5EE0}.Debug|x86.Build.0 = Debug|Any CPU
		{34D8F1A2-79ED-45A4-9DF8-AA5D5C0F5EE0}.Release|Any CPU.ActiveCfg = Release|Any CPU
		{34D8F1A2-79ED-45A4-9DF8-AA5D5C0F5EE0}.Release|Any CPU.Build.0 = Release|Any CPU
		{34D8F1A2-79ED-45A4-9DF8-AA5D5C0F5EE0}.Release|x64.ActiveCfg = Release|Any CPU
		{34D8F1A2-79ED-45A4-9DF8-AA5D5C0F5EE0}.Release|x64.Build.0 = Release|Any CPU
		{34D8F1A2-79ED-45A4-9DF8-AA5D5C0F5EE0}.Release|x86.ActiveCfg = Release|Any CPU
		{34D8F1A2-79ED-45A4-9DF8-AA5D5C0F5EE0}.Release|x86.Build.0 = Release|Any CPU
		{93C20EA3-C271-4777-8A02-FFA4B5A37A6D}.Debug|Any CPU.ActiveCfg = Debug|Any CPU
		{93C20EA3-C271-4777-8A02-FFA4B5A37A6D}.Debug|Any CPU.Build.0 = Debug|Any CPU
		{93C20EA3-C271-4777-8A02-FFA4B5A37A6D}.Debug|x64.ActiveCfg = Debug|Any CPU
		{93C20EA3-C271-4777-8A02-FFA4B5A37A6D}.Debug|x64.Build.0 = Debug|Any CPU
		{93C20EA3-C271-4777-8A02-FFA4B5A37A6D}.Debug|x86.ActiveCfg = Debug|Any CPU
		{93C20EA3-C271-4777-8A02-FFA4B5A37A6D}.Debug|x86.Build.0 = Debug|Any CPU
		{93C20EA3-C271-4777-8A02-FFA4B5A37A6D}.Release|Any CPU.ActiveCfg = Release|Any CPU
		{93C20EA3-C271-4777-8A02-FFA4B5A37A6D}.Release|Any CPU.Build.0 = Release|Any CPU
		{93C20EA3-C271-4777-8A02-FFA4B5A37A6D}.Release|x64.ActiveCfg = Release|Any CPU
		{93C20EA3-C271-4777-8A02-FFA4B5A37A6D}.Release|x64.Build.0 = Release|Any CPU
		{93C20EA3-C271-4777-8A02-FFA4B5A37A6D}.Release|x86.ActiveCfg = Release|Any CPU
		{93C20EA3-C271-4777-8A02-FFA4B5A37A6D}.Release|x86.Build.0 = Release|Any CPU
	EndGlobalSection
	GlobalSection(SolutionProperties) = preSolution
		HideSolutionNode = FALSE
	EndGlobalSection
	GlobalSection(NestedProjects) = preSolution
		{76D593DF-8BEF-415A-86A1-0A75E18EB845} = {827E0CD3-B72D-47B6-A68D-7590B98EB39B}
		{12795689-F51E-484C-8126-7B757675E62A} = {827E0CD3-B72D-47B6-A68D-7590B98EB39B}
		{4D93932B-5D41-4FCB-969A-6922C398A976} = {827E0CD3-B72D-47B6-A68D-7590B98EB39B}
		{0352A042-5A97-4DA5-80C3-41BF35D34E3E} = {827E0CD3-B72D-47B6-A68D-7590B98EB39B}
		{17C9E553-8101-45CB-A851-CB3D7DDAC466} = {827E0CD3-B72D-47B6-A68D-7590B98EB39B}
		{02CD558A-D7C6-4780-A413-970E8872DFDD} = {827E0CD3-B72D-47B6-A68D-7590B98EB39B}
		{D78F9AE3-7CA2-4C31-A21D-5FD07E8982E5} = {827E0CD3-B72D-47B6-A68D-7590B98EB39B}
		{813F21E4-7286-4B78-888A-2BF66AD27FDD} = {827E0CD3-B72D-47B6-A68D-7590B98EB39B}
		{27EC4EE3-71AB-45EA-BB87-E03A8D28F02C} = {827E0CD3-B72D-47B6-A68D-7590B98EB39B}
		{34D8F1A2-79ED-45A4-9DF8-AA5D5C0F5EE0} = {827E0CD3-B72D-47B6-A68D-7590B98EB39B}
		{93C20EA3-C271-4777-8A02-FFA4B5A37A6D} = {827E0CD3-B72D-47B6-A68D-7590B98EB39B}
	EndGlobalSection
	GlobalSection(ExtensibilityGlobals) = postSolution
		SolutionGuid = {FA163812-C609-4A85-813D-4E03073F48DB}
	EndGlobalSection
EndGlobal
